
Microsoft Visual Studio Solution File, Format Version 12.00
# Visual Studio Version 17
VisualStudioVersion = 17.3.32929.385
MinimumVisualStudioVersion = 10.0.40219.1
Project("{FAE04EC0-301F-11D3-BF4B-00C04F79EFBC}") = "Sharp-Kingdoms", "Sharp-Kingdoms.csproj", "{F2C6CFB3-5561-4FDE-BAF9-64D372DA2F4B}"
EndProject
Global
	GlobalSection(SolutionConfigurationPlatforms) = preSolution
		Debug|Any CPU = Debug|Any CPU
		Release|Any CPU = Release|Any CPU
	EndGlobalSection
	GlobalSection(ProjectConfigurationPlatforms) = postSolution
		{F2C6CFB3-5561-4FDE-BAF9-64D372DA2F4B}.Debug|Any CPU.ActiveCfg = Debug|Any CPU
		{F2C6CFB3-5561-4FDE-BAF9-64D372DA2F4B}.Debug|Any CPU.Build.0 = Debug|Any CPU
		{F2C6CFB3-5561-4FDE-BAF9-64D372DA2F4B}.Release|Any CPU.ActiveCfg = Release|Any CPU
		{F2C6CFB3-5561-4FDE-BAF9-64D372DA2F4B}.Release|Any CPU.Build.0 = Release|Any CPU
	EndGlobalSection
	GlobalSection(SolutionProperties) = preSolution
		HideSolutionNode = FALSE
	EndGlobalSection
	GlobalSection(ExtensibilityGlobals) = postSolution
		SolutionGuid = {ED81DFFE-0B4B-4B38-9B06-356386C4ABAB}
	EndGlobalSection
EndGlobal
